# -------------------------------------------------------------------------- #
#
# Copyright (C) 1991-2013 Altera Corporation
# Your use of Altera Corporation's design tools, logic functions 
# and other software and tools, and its AMPP partner logic 
# functions, and any output files from any of the foregoing 
# (including device programming or simulation files), and any 
# associated documentation or information are expressly subject 
# to the terms and conditions of the Altera Program License 
# Subscription Agreement, Altera MegaCore Function License 
# Agreement, or other applicable license agreement, including, 
# without limitation, that your use is for the sole purpose of 
# programming logic devices manufactured by Altera and sold by 
# Altera or its authorized distributors.  Please refer to the 
# applicable agreement for further details.
#
# -------------------------------------------------------------------------- #
#
# Quartus II 32-bit
# Version 13.0.1 Build 232 06/12/2013 Service Pack 1 SJ Web Edition
# Date created = 14:03:39  July 02, 2026
#
# -------------------------------------------------------------------------- #
#
# Notes:
#
# 1) The default values for assignments are stored in the file:
#		cyc2_assignment_defaults.qdf
#    If this file doesn't exist, see file:
#		assignment_defaults.qdf
#
# 2) Altera recommends that you do not modify this file. This
#    file is updated automatically by the Quartus II software
#    and any changes you make may be lost or overwritten.
#
# -------------------------------------------------------------------------- #


set_global_assignment -name FAMILY "Cyclone II"
set_global_assignment -name DEVICE EP2C8Q208C7
set_global_assignment -name TOP_LEVEL_ENTITY cyc2top
set_global_assignment -name ORIGINAL_QUARTUS_VERSION "13.0 SP1"
set_global_assignment -name PROJECT_CREATION_TIME_DATE "14:03:39  JULY 02, 2026"
set_global_assignment -name LAST_QUARTUS_VERSION "13.0 SP1"
set_global_assignment -name PROJECT_OUTPUT_DIRECTORY output_files
set_global_assignment -name MIN_CORE_JUNCTION_TEMP 0
set_global_assignment -name MAX_CORE_JUNCTION_TEMP 85
set_global_assignment -name ERROR_CHECK_FREQUENCY_DIVISOR 256
set_global_assignment -name POWER_PRESET_COOLING_SOLUTION "23 MM HEAT SINK WITH 200 LFPM AIRFLOW"
set_global_assignment -name POWER_BOARD_THERMAL_MODEL "NONE (CONSERVATIVE)"
set_global_assignment -name STRATIX_DEVICE_IO_STANDARD "3.3-V LVTTL"
set_global_assignment -name PARTITION_NETLIST_TYPE SOURCE -section_id Top
set_global_assignment -name PARTITION_FITTER_PRESERVATION_LEVEL PLACEMENT_AND_ROUTING -section_id Top
set_global_assignment -name PARTITION_COLOR 16764057 -section_id Top
set_global_assignment -name VHDL_INPUT_VERSION VHDL_2008
set_global_assignment -name VHDL_SHOW_LMF_MAPPING_MESSAGES OFF
set_location_assignment PIN_131 -to rxclk_i
set_location_assignment PIN_129 -to txclk_i
set_location_assignment PIN_41 -to spictrl_clk
set_location_assignment PIN_39 -to spictrl_cs
set_location_assignment PIN_37 -to spictrl_irq
set_location_assignment PIN_43 -to spictrl_miso
set_location_assignment PIN_40 -to spictrl_mosi
set_location_assignment PIN_198 -to esp_bclk
set_location_assignment PIN_199 -to esp_fsclk
set_location_assignment PIN_201 -to esp_din
set_location_assignment PIN_203 -to esp_dout
set_location_assignment PIN_89 -to c2_resetn
set_location_assignment PIN_35 -to mdc
set_location_assignment PIN_34 -to mdio
set_global_assignment -name SYNTH_TIMING_DRIVEN_SYNTHESIS ON
set_global_assignment -name REMOVE_REDUNDANT_LOGIC_CELLS ON
set_global_assignment -name AUTO_RESOURCE_SHARING ON
set_global_assignment -name ALLOW_ANY_ROM_SIZE_FOR_RECOGNITION ON
set_location_assignment PIN_135 -to phy_rstn_o
set_location_assignment PIN_10 -to fs_dac
set_location_assignment PIN_31 -to fs_adc
set_location_assignment PIN_44 -to bclk_dac
set_location_assignment PIN_45 -to bclk_adc
set_location_assignment PIN_46 -to fs_ext
set_global_assignment -name ENABLE_SIGNALTAP OFF
set_global_assignment -name USE_SIGNALTAP_FILE output_files/stp1.stp
set_global_assignment -name ENABLE_INIT_DONE_OUTPUT ON
set_global_assignment -name USE_CONFIGURATION_DEVICE OFF
# RBF for MCU-hosted Passive-Serial configuration (ESP32 fpga_ps driver,
# CONFIG_AES67_FPGA_PS_BITSTREAM points at output_files/cyc2.rbf)
set_global_assignment -name GENERATE_RBF_FILE ON
set_global_assignment -name RESERVE_ALL_UNUSED_PINS "AS INPUT TRI-STATED"
set_global_assignment -name RESERVE_ASDO_AFTER_CONFIGURATION "AS INPUT TRI-STATED"
set_location_assignment PIN_94 -to phy0tx[3]
set_location_assignment PIN_95 -to phy0tx[2]
set_location_assignment PIN_96 -to phy0tx[1]
set_location_assignment PIN_97 -to phy0tx[0]
set_location_assignment PIN_104 -to phy0rx[3]
set_location_assignment PIN_105 -to phy0rx[2]
set_location_assignment PIN_106 -to phy0rx[1]
set_location_assignment PIN_110 -to phy0rx[0]
set_location_assignment PIN_127 -to phy1rx[3]
set_location_assignment PIN_128 -to phy1rx[2]
set_location_assignment PIN_133 -to phy1rx[1]
set_location_assignment PIN_134 -to phy1rx[0]
set_location_assignment PIN_112 -to phy1tx[3]
set_location_assignment PIN_113 -to phy1tx[2]
set_location_assignment PIN_114 -to phy1tx[1]
set_location_assignment PIN_115 -to phy1tx[0]
set_location_assignment PIN_146 -to phy2rx[3]
set_location_assignment PIN_147 -to phy2rx[2]
set_location_assignment PIN_149 -to phy2rx[1]
set_location_assignment PIN_150 -to phy2rx[0]
set_location_assignment PIN_137 -to phy2tx[3]
set_location_assignment PIN_138 -to phy2tx[2]
set_location_assignment PIN_139 -to phy2tx[1]
set_location_assignment PIN_141 -to phy2tx[0]
set_location_assignment PIN_165 -to phy3rx[3]
set_location_assignment PIN_168 -to phy3rx[2]
set_location_assignment PIN_169 -to phy3rx[1]
set_location_assignment PIN_170 -to phy3rx[0]
set_location_assignment PIN_151 -to phy3tx[3]
set_location_assignment PIN_152 -to phy3tx[2]
set_location_assignment PIN_160 -to phy3tx[1]
set_location_assignment PIN_161 -to phy3tx[0]
set_location_assignment PIN_164 -to crsdv[3]
set_location_assignment PIN_145 -to crsdv[2]
set_location_assignment PIN_118 -to crsdv[1]
set_location_assignment PIN_103 -to crsdv[0]
set_location_assignment PIN_99 -to txen[0]
set_location_assignment PIN_142 -to txen[2]
set_global_assignment -name SLD_FILE /media/AES67/FPGA/boards/altera/cyc2/output_files/stp1_auto_stripped.stp
set_location_assignment PIN_101 -to tx_err_o[0]
set_location_assignment PIN_116 -to tx_err_o[1]
set_location_assignment PIN_143 -to tx_err_o[2]
set_location_assignment PIN_162 -to tx_err_o[3]
set_location_assignment PIN_185 -to dbg_o[7]
set_location_assignment PIN_187 -to dbg_o[6]
set_location_assignment PIN_188 -to dbg_o[5]
set_location_assignment PIN_189 -to dbg_o[4]
set_location_assignment PIN_191 -to dbg_o[3]
set_location_assignment PIN_192 -to dbg_o[2]
set_location_assignment PIN_193 -to dbg_o[1]
set_location_assignment PIN_195 -to dbg_o[0]
set_location_assignment PIN_63 -to mclk
set_location_assignment PIN_64 -to vcxo_pdout_a
set_location_assignment PIN_57 -to vcxo_pdout_b
set_location_assignment PIN_12 -to tdm_out[0]
set_location_assignment PIN_13 -to tdm_out[1]
set_location_assignment PIN_15 -to tdm_out[2]
set_location_assignment PIN_14 -to tdm_out[3]
set_global_assignment -name ON_CHIP_BITSTREAM_DECOMPRESSION OFF
set_global_assignment -name GENERATE_JAM_FILE ON
set_global_assignment -name GENERATE_JBC_FILE ON
set_global_assignment -name GENERATE_TTF_FILE ON
set_global_assignment -name GENERATE_SVF_FILE ON
set_location_assignment PIN_208 -to tdm_in[0]
set_location_assignment PIN_5 -to tdm_in[1]
set_location_assignment PIN_6 -to tdm_in[2]
set_location_assignment PIN_8 -to tdm_in[3]
set_global_assignment -name CRC_ERROR_CHECKING ON
set_global_assignment -name RESERVE_ALL_UNUSED_PINS_NO_OUTPUT_GND "AS INPUT TRI-STATED"
set_global_assignment -name VHDL_FILE ../../../packages/system_cfg_pkg.vhd
set_global_assignment -name SDC_FILE cyc2.sdc
set_global_assignment -name VHDL_FILE ../plls/sysclks_altpll_50m_in.vhd
set_global_assignment -name VERILOG_FILE ../../../mii_rmii/RTL/rmii_phy_if.v
set_global_assignment -name VERILOG_FILE ../../../../litex_soc/build/spibone/gateware/litex_soc_spibone.v
set_global_assignment -name VERILOG_FILE ../../../../litex_soc/build/aes67_bridge/gateware/litex_soc_aes67_bridge.v
set_global_assignment -name VHDL_FILE cyc2top.vhd
set_global_assignment -name VHDL_FILE ../../../audio_rx/rx_ringbuffer.vhd
set_global_assignment -name VHDL_FILE ../../../audio_tx/tx_transmitter.vhd
set_global_assignment -name VHDL_FILE ../../../audio_tx/tx_sample_buffer.vhd
set_global_assignment -name VHDL_FILE ../../../audio_tx/tx_router.vhd
set_global_assignment -name VHDL_FILE ../../../audio_tx/audio_tx_module.vhd
set_global_assignment -name VHDL_FILE ../../../FPGA_Ethernet/FPGA/ethernet_mac/intel/utility.vhd
set_global_assignment -name VHDL_FILE ../../../FPGA_Ethernet/FPGA/ethernet_mac/intel/single_signal_synchronizer.vhd
set_global_assignment -name VHDL_FILE ../../../FPGA_Ethernet/FPGA/ethernet_mac/intel/mii_gmii_io.vhd
set_global_assignment -name VHDL_FILE ../../../FPGA_Ethernet/FPGA/ethernet_mac/reset_generator.vhd
set_global_assignment -name VHDL_FILE ../../../FPGA_Ethernet/FPGA/ethernet_mac/miim_types.vhd
set_global_assignment -name VHDL_FILE ../../../FPGA_Ethernet/FPGA/ethernet_mac/miim_registers.vhd
set_global_assignment -name VHDL_FILE ../../../FPGA_Ethernet/FPGA/ethernet_mac/miim_control.vhd
set_global_assignment -name VHDL_FILE ../../../FPGA_Ethernet/FPGA/ethernet_mac/miim.vhd
set_global_assignment -name VHDL_FILE ../../../FPGA_Ethernet/FPGA/ethernet_mac/mii_gmii.vhd
set_global_assignment -name VHDL_FILE ../../../FPGA_Ethernet/FPGA/ethernet_mac/framing_common.vhd
set_global_assignment -name VHDL_FILE ../../../FPGA_Ethernet/FPGA/ethernet_mac/framing.vhd
set_global_assignment -name VHDL_FILE ../../../FPGA_Ethernet/FPGA/ethernet_mac/ethernet_types.vhd
set_global_assignment -name VHDL_FILE ../../../FPGA_Ethernet/FPGA/ethernet_mac/ethernet.vhd
set_global_assignment -name VHDL_FILE ../../../FPGA_Ethernet/FPGA/ethernet_mac/crc32.vhd
set_global_assignment -name VHDL_FILE ../../../FPGA_Ethernet/FPGA/ethernet_mac/crc.vhd
set_global_assignment -name VHDL_FILE ../../../FPGA_Ethernet/FPGA/ethernet_receive.vhd
set_global_assignment -name VHDL_FILE ../../../FPGA_Ethernet/FPGA/reverse_mac.vhd
set_global_assignment -name VHDL_FILE ../../../FPGA_Ethernet/FPGA/eth_ram.vhd
set_global_assignment -name VHDL_FILE ../../../packages/wallclock_signals_pkg.vhd
set_global_assignment -name VHDL_FILE ../../../packages/audioclks_pkg.vhd
set_global_assignment -name VHDL_FILE ../../../ptp/static_ptp_conf.vhd
set_global_assignment -name VHDL_FILE ../../../ptp/ptpv2_servo.vhd
set_global_assignment -name VHDL_FILE ../../../ptp/ptpv2_sender.vhd
set_global_assignment -name VHDL_FILE ../../../ptp/ptpv2_parser.vhd
set_global_assignment -name VHDL_FILE ../../../ptp/ptpv2_controller.vhd
set_global_assignment -name VHDL_FILE ../../../ptp/ptpv2_bmc.vhd
set_global_assignment -name VHDL_FILE ../../../ptp/ptp_module.vhd
set_global_assignment -name VHDL_FILE ../../../ptp/average.vhd
set_global_assignment -name VHDL_FILE ../../../ptp/wallclock.vhd
set_global_assignment -name VHDL_FILE ../../../wb_bridge_top.vhd
set_global_assignment -name VHDL_FILE ../../../sysclk_pll_gen.vhd
set_global_assignment -name VHDL_FILE ../../../aes67_wb_bridge.vhd
set_global_assignment -name VHDL_FILE ../../../audioclock_generator_sysclk.vhd
set_global_assignment -name VHDL_FILE ../../../clock_ppb_meter.vhd
set_global_assignment -name VHDL_FILE ../../../eth_tx_arbiter.vhd
set_global_assignment -name VHDL_FILE ../../../ethernet_packet_aggregator.vhd
set_global_assignment -name VHDL_FILE ../../../ethernet_timestamp_mii.vhd
set_global_assignment -name VHDL_FILE ../../../ethernet_top.vhd
set_global_assignment -name VHDL_FILE ../../../litex_eth_buffer_bridge.vhd
set_global_assignment -name VHDL_FILE ../../../mii_converters.vhd
set_global_assignment -name VHDL_FILE ../../../soc_top.vhd
set_global_assignment -name VHDL_FILE ../../../aes67_top.vhd
set_global_assignment -name QIP_FILE altpll_25m.qip
set_global_assignment -name PHYSICAL_SYNTHESIS_COMBO_LOGIC ON
set_global_assignment -name PHYSICAL_SYNTHESIS_REGISTER_RETIMING ON
set_global_assignment -name PHYSICAL_SYNTHESIS_ASYNCHRONOUS_SIGNAL_PIPELINING ON
set_global_assignment -name PHYSICAL_SYNTHESIS_REGISTER_DUPLICATION ON
set_global_assignment -name PHYSICAL_SYNTHESIS_COMBO_LOGIC_FOR_AREA ON
set_instance_assignment -name PARTITION_HIERARCHY root_partition -to | -section_id Top